
Microsoft Visual Studio Solution File, Format Version 12.00
# Visual Studio 15
VisualStudioVersion = 15.0.28010.2041
MinimumVisualStudioVersion = 10.0.40219.1
Project("{9A19103F-16F7-4668-BE54-9A1E7A4F7556}") = "Dissent", "Dissent\Dissent.csproj", "{96A1EF35-137B-412A-AAB8-CCA1BF71ADDE}"
EndProject
Project("{FAE04EC0-301F-11D3-BF4B-00C04F79EFBC}") = "UnitTestProject2", "UnitTestProject2\UnitTestProject2.csproj", "{D3915CB4-4C7F-4046-AECA-286D855228E7}"
EndProject
Global
	GlobalSection(SolutionConfigurationPlatforms) = preSolution
		Debug|Any CPU = Debug|Any CPU
		Release|Any CPU = Release|Any CPU
	EndGlobalSection
	GlobalSection(ProjectConfigurationPlatforms) = postSolution
		{96A1EF35-137B-412A-AAB8-CCA1BF71ADDE}.Debug|Any CPU.ActiveCfg = Debug|Any CPU
		{96A1EF35-137B-412A-AAB8-CCA1BF71ADDE}.Debug|Any CPU.Build.0 = Debug|Any CPU
		{96A1EF35-137B-412A-AAB8-CCA1BF71ADDE}.Release|Any CPU.ActiveCfg = Release|Any CPU
		{96A1EF35-137B-412A-AAB8-CCA1BF71ADDE}.Release|Any CPU.Build.0 = Release|Any CPU
		{D3915CB4-4C7F-4046-AECA-286D855228E7}.Debug|Any CPU.ActiveCfg = Debug|Any CPU
		{D3915CB4-4C7F-4046-AECA-286D855228E7}.Debug|Any CPU.Build.0 = Debug|Any CPU
		{D3915CB4-4C7F-4046-AECA-286D855228E7}.Release|Any CPU.ActiveCfg = Release|Any CPU
		{D3915CB4-4C7F-4046-AECA-286D855228E7}.Release|Any CPU.Build.0 = Release|Any CPU
	EndGlobalSection
	GlobalSection(SolutionProperties) = preSolution
		HideSolutionNode = FALSE
	EndGlobalSection
	GlobalSection(ExtensibilityGlobals) = postSolution
		SolutionGuid = {D250072E-6B90-4B29-89BF-A6A236F2169B}
	EndGlobalSection
EndGlobal
